
Microsoft Visual Studio Solution File, Format Version 12.00
# Visual Studio 14
VisualStudioVersion = 14.0.24720.0
MinimumVisualStudioVersion = 10.0.40219.1
Project("{FAE04EC0-301F-11D3-BF4B-00C04F79EFBC}") = "2016-Project-5.ECS", "2016-Project-5.ECS\2016-Project-5.ECS.csproj", "{B07361FF-0476-4DAB-8556-7416EF2350DD}"
EndProject
Project("{FAE04EC0-301F-11D3-BF4B-00C04F79EFBC}") = "2016-Project-5.GameClient", "2016-Project-5.GameClient\2016-Project-5.GameClient.csproj", "{F01361D0-2B8F-4F27-B7A4-94ECBD5BA254}"
EndProject
Project("{FAE04EC0-301F-11D3-BF4B-00C04F79EFBC}") = "2016-Project-5.Graphic", "2016-Project-5.Graphic\2016-Project-5.Graphic.csproj", "{EF0503F1-0CC6-45DD-8657-E78F2DEC5D21}"
EndProject
Project("{FAE04EC0-301F-11D3-BF4B-00C04F79EFBC}") = "2016-Project-5.Lua", "2016-Project-5.Lua\2016-Project-5.Lua.csproj", "{80D0D324-0A74-4977-9E8D-E3DA74D0FE39}"
EndProject
Project("{FAE04EC0-301F-11D3-BF4B-00C04F79EFBC}") = "2016-Project-5.UILibrary", "2016-Project-5.UILibrary\2016-Project-5.UILibrary.csproj", "{8EA318FE-3873-4CD6-A93B-4D030F14BA11}"
EndProject
Project("{FAE04EC0-301F-11D3-BF4B-00C04F79EFBC}") = "2016-Project-5.UIGenerator", "2016-Project-5.UIGenerator\2016-Project-5.UIGenerator.csproj", "{C661BA2F-A31D-4ED9-8F76-53211834A0B5}"
EndProject
Global
	GlobalSection(SolutionConfigurationPlatforms) = preSolution
		Debug|Any CPU = Debug|Any CPU
		Debug|ARM = Debug|ARM
		Debug|x64 = Debug|x64
		Debug|x86 = Debug|x86
		Release|Any CPU = Release|Any CPU
		Release|ARM = Release|ARM
		Release|x64 = Release|x64
		Release|x86 = Release|x86
	EndGlobalSection
	GlobalSection(ProjectConfigurationPlatforms) = postSolution
		{B07361FF-0476-4DAB-8556-7416EF2350DD}.Debug|Any CPU.ActiveCfg = Debug|Any CPU
		{B07361FF-0476-4DAB-8556-7416EF2350DD}.Debug|Any CPU.Build.0 = Debug|Any CPU
		{B07361FF-0476-4DAB-8556-7416EF2350DD}.Debug|ARM.ActiveCfg = Debug|Any CPU
		{B07361FF-0476-4DAB-8556-7416EF2350DD}.Debug|ARM.Build.0 = Debug|Any CPU
		{B07361FF-0476-4DAB-8556-7416EF2350DD}.Debug|x64.ActiveCfg = Debug|Any CPU
		{B07361FF-0476-4DAB-8556-7416EF2350DD}.Debug|x64.Build.0 = Debug|Any CPU
		{B07361FF-0476-4DAB-8556-7416EF2350DD}.Debug|x86.ActiveCfg = Debug|Any CPU
		{B07361FF-0476-4DAB-8556-7416EF2350DD}.Debug|x86.Build.0 = Debug|Any CPU
		{B07361FF-0476-4DAB-8556-7416EF2350DD}.Release|Any CPU.ActiveCfg = Release|Any CPU
		{B07361FF-0476-4DAB-8556-7416EF2350DD}.Release|Any CPU.Build.0 = Release|Any CPU
		{B07361FF-0476-4DAB-8556-7416EF2350DD}.Release|ARM.ActiveCfg = Release|Any CPU
		{B07361FF-0476-4DAB-8556-7416EF2350DD}.Release|ARM.Build.0 = Release|Any CPU
		{B07361FF-0476-4DAB-8556-7416EF2350DD}.Release|x64.ActiveCfg = Release|Any CPU
		{B07361FF-0476-4DAB-8556-7416EF2350DD}.Release|x64.Build.0 = Release|Any CPU
		{B07361FF-0476-4DAB-8556-7416EF2350DD}.Release|x86.ActiveCfg = Release|Any CPU
		{B07361FF-0476-4DAB-8556-7416EF2350DD}.Release|x86.Build.0 = Release|Any CPU
		{F01361D0-2B8F-4F27-B7A4-94ECBD5BA254}.Debug|Any CPU.ActiveCfg = Debug|x86
		{F01361D0-2B8F-4F27-B7A4-94ECBD5BA254}.Debug|Any CPU.Build.0 = Debug|x86
		{F01361D0-2B8F-4F27-B7A4-94ECBD5BA254}.Debug|ARM.ActiveCfg = Debug|x86
		{F01361D0-2B8F-4F27-B7A4-94ECBD5BA254}.Debug|x64.ActiveCfg = Debug|x86
		{F01361D0-2B8F-4F27-B7A4-94ECBD5BA254}.Debug|x86.ActiveCfg = Debug|x86
		{F01361D0-2B8F-4F27-B7A4-94ECBD5BA254}.Debug|x86.Build.0 = Debug|x86
		{F01361D0-2B8F-4F27-B7A4-94ECBD5BA254}.Release|Any CPU.ActiveCfg = Release|x86
		{F01361D0-2B8F-4F27-B7A4-94ECBD5BA254}.Release|ARM.ActiveCfg = Release|x86
		{F01361D0-2B8F-4F27-B7A4-94ECBD5BA254}.Release|x64.ActiveCfg = Release|x86
		{F01361D0-2B8F-4F27-B7A4-94ECBD5BA254}.Release|x86.ActiveCfg = Release|x86
		{F01361D0-2B8F-4F27-B7A4-94ECBD5BA254}.Release|x86.Build.0 = Release|x86
		{EF0503F1-0CC6-45DD-8657-E78F2DEC5D21}.Debug|Any CPU.ActiveCfg = Debug|Any CPU
		{EF0503F1-0CC6-45DD-8657-E78F2DEC5D21}.Debug|Any CPU.Build.0 = Debug|Any CPU
		{EF0503F1-0CC6-45DD-8657-E78F2DEC5D21}.Debug|ARM.ActiveCfg = Debug|Any CPU
		{EF0503F1-0CC6-45DD-8657-E78F2DEC5D21}.Debug|ARM.Build.0 = Debug|Any CPU
		{EF0503F1-0CC6-45DD-8657-E78F2DEC5D21}.Debug|x64.ActiveCfg = Debug|Any CPU
		{EF0503F1-0CC6-45DD-8657-E78F2DEC5D21}.Debug|x64.Build.0 = Debug|Any CPU
		{EF0503F1-0CC6-45DD-8657-E78F2DEC5D21}.Debug|x86.ActiveCfg = Debug|Any CPU
		{EF0503F1-0CC6-45DD-8657-E78F2DEC5D21}.Debug|x86.Build.0 = Debug|Any CPU
		{EF0503F1-0CC6-45DD-8657-E78F2DEC5D21}.Release|Any CPU.ActiveCfg = Release|Any CPU
		{EF0503F1-0CC6-45DD-8657-E78F2DEC5D21}.Release|Any CPU.Build.0 = Release|Any CPU
		{EF0503F1-0CC6-45DD-8657-E78F2DEC5D21}.Release|ARM.ActiveCfg = Release|Any CPU
		{EF0503F1-0CC6-45DD-8657-E78F2DEC5D21}.Release|ARM.Build.0 = Release|Any CPU
		{EF0503F1-0CC6-45DD-8657-E78F2DEC5D21}.Release|x64.ActiveCfg = Release|Any CPU
		{EF0503F1-0CC6-45DD-8657-E78F2DEC5D21}.Release|x64.Build.0 = Release|Any CPU
		{EF0503F1-0CC6-45DD-8657-E78F2DEC5D21}.Release|x86.ActiveCfg = Release|Any CPU
		{EF0503F1-0CC6-45DD-8657-E78F2DEC5D21}.Release|x86.Build.0 = Release|Any CPU
		{80D0D324-0A74-4977-9E8D-E3DA74D0FE39}.Debug|Any CPU.ActiveCfg = Debug|Any CPU
		{80D0D324-0A74-4977-9E8D-E3DA74D0FE39}.Debug|Any CPU.Build.0 = Debug|Any CPU
		{80D0D324-0A74-4977-9E8D-E3DA74D0FE39}.Debug|ARM.ActiveCfg = Debug|Any CPU
		{80D0D324-0A74-4977-9E8D-E3DA74D0FE39}.Debug|ARM.Build.0 = Debug|Any CPU
		{80D0D324-0A74-4977-9E8D-E3DA74D0FE39}.Debug|x64.ActiveCfg = Debug|Any CPU
		{80D0D324-0A74-4977-9E8D-E3DA74D0FE39}.Debug|x64.Build.0 = Debug|Any CPU
		{80D0D324-0A74-4977-9E8D-E3DA74D0FE39}.Debug|x86.ActiveCfg = Debug|Any CPU
		{80D0D324-0A74-4977-9E8D-E3DA74D0FE39}.Debug|x86.Build.0 = Debug|Any CPU
		{80D0D324-0A74-4977-9E8D-E3DA74D0FE39}.Release|Any CPU.ActiveCfg = Release|Any CPU
		{80D0D324-0A74-4977-9E8D-E3DA74D0FE39}.Release|Any CPU.Build.0 = Release|Any CPU
		{80D0D324-0A74-4977-9E8D-E3DA74D0FE39}.Release|ARM.ActiveCfg = Release|Any CPU
		{80D0D324-0A74-4977-9E8D-E3DA74D0FE39}.Release|ARM.Build.0 = Release|Any CPU
		{80D0D324-0A74-4977-9E8D-E3DA74D0FE39}.Release|x64.ActiveCfg = Release|Any CPU
		{80D0D324-0A74-4977-9E8D-E3DA74D0FE39}.Release|x64.Build.0 = Release|Any CPU
		{80D0D324-0A74-4977-9E8D-E3DA74D0FE39}.Release|x86.ActiveCfg = Release|Any CPU
		{80D0D324-0A74-4977-9E8D-E3DA74D0FE39}.Release|x86.Build.0 = Release|Any CPU
		{8EA318FE-3873-4CD6-A93B-4D030F14BA11}.Debug|Any CPU.ActiveCfg = Debug|Any CPU
		{8EA318FE-3873-4CD6-A93B-4D030F14BA11}.Debug|Any CPU.Build.0 = Debug|Any CPU
		{8EA318FE-3873-4CD6-A93B-4D030F14BA11}.Debug|ARM.ActiveCfg = Debug|Any CPU
		{8EA318FE-3873-4CD6-A93B-4D030F14BA11}.Debug|ARM.Build.0 = Debug|Any CPU
		{8EA318FE-3873-4CD6-A93B-4D030F14BA11}.Debug|x64.ActiveCfg = Debug|Any CPU
		{8EA318FE-3873-4CD6-A93B-4D030F14BA11}.Debug|x64.Build.0 = Debug|Any CPU
		{8EA318FE-3873-4CD6-A93B-4D030F14BA11}.Debug|x86.ActiveCfg = Debug|Any CPU
		{8EA318FE-3873-4CD6-A93B-4D030F14BA11}.Debug|x86.Build.0 = Debug|Any CPU
		{8EA318FE-3873-4CD6-A93B-4D030F14BA11}.Release|Any CPU.ActiveCfg = Release|Any CPU
		{8EA318FE-3873-4CD6-A93B-4D030F14BA11}.Release|Any CPU.Build.0 = Release|Any CPU
		{8EA318FE-3873-4CD6-A93B-4D030F14BA11}.Release|ARM.ActiveCfg = Release|Any CPU
		{8EA318FE-3873-4CD6-A93B-4D030F14BA11}.Release|ARM.Build.0 = Release|Any CPU
		{8EA318FE-3873-4CD6-A93B-4D030F14BA11}.Release|x64.ActiveCfg = Release|Any CPU
		{8EA318FE-3873-4CD6-A93B-4D030F14BA11}.Release|x64.Build.0 = Release|Any CPU
		{8EA318FE-3873-4CD6-A93B-4D030F14BA11}.Release|x86.ActiveCfg = Release|Any CPU
		{8EA318FE-3873-4CD6-A93B-4D030F14BA11}.Release|x86.Build.0 = Release|Any CPU
		{C661BA2F-A31D-4ED9-8F76-53211834A0B5}.Debug|Any CPU.ActiveCfg = Debug|Any CPU
		{C661BA2F-A31D-4ED9-8F76-53211834A0B5}.Debug|Any CPU.Build.0 = Debug|Any CPU
		{C661BA2F-A31D-4ED9-8F76-53211834A0B5}.Debug|ARM.ActiveCfg = Debug|Any CPU
		{C661BA2F-A31D-4ED9-8F76-53211834A0B5}.Debug|ARM.Build.0 = Debug|Any CPU
		{C661BA2F-A31D-4ED9-8F76-53211834A0B5}.Debug|x64.ActiveCfg = Debug|Any CPU
		{C661BA2F-A31D-4ED9-8F76-53211834A0B5}.Debug|x64.Build.0 = Debug|Any CPU
		{C661BA2F-A31D-4ED9-8F76-53211834A0B5}.Debug|x86.ActiveCfg = Debug|Any CPU
		{C661BA2F-A31D-4ED9-8F76-53211834A0B5}.Debug|x86.Build.0 = Debug|Any CPU
		{C661BA2F-A31D-4ED9-8F76-53211834A0B5}.Release|Any CPU.ActiveCfg = Release|Any CPU
		{C661BA2F-A31D-4ED9-8F76-53211834A0B5}.Release|Any CPU.Build.0 = Release|Any CPU
		{C661BA2F-A31D-4ED9-8F76-53211834A0B5}.Release|ARM.ActiveCfg = Release|Any CPU
		{C661BA2F-A31D-4ED9-8F76-53211834A0B5}.Release|ARM.Build.0 = Release|Any CPU
		{C661BA2F-A31D-4ED9-8F76-53211834A0B5}.Release|x64.ActiveCfg = Release|Any CPU
		{C661BA2F-A31D-4ED9-8F76-53211834A0B5}.Release|x64.Build.0 = Release|Any CPU
		{C661BA2F-A31D-4ED9-8F76-53211834A0B5}.Release|x86.ActiveCfg = Release|Any CPU
		{C661BA2F-A31D-4ED9-8F76-53211834A0B5}.Release|x86.Build.0 = Release|Any CPU
	EndGlobalSection
	GlobalSection(SolutionProperties) = preSolution
		HideSolutionNode = FALSE
	EndGlobalSection
EndGlobal
